
Microsoft Visual Studio Solution File, Format Version 12.00
# Visual Studio Version 16
VisualStudioVersion = 16.0.32106.194
MinimumVisualStudioVersion = 10.0.40219.1
Project("{FAE04EC0-301F-11D3-BF4B-00C04F79EFBC}") = "WeatherForecastMap", "WeatherForecastMap\WeatherForecastMap.csproj", "{DCB4DB1A-FBA4-4A96-A99E-C64DDDAC9E76}"
EndProject
Global
	GlobalSection(SolutionConfigurationPlatforms) = preSolution
		Debug|Any CPU = Debug|Any CPU
		Release|Any CPU = Release|Any CPU
	EndGlobalSection
	GlobalSection(ProjectConfigurationPlatforms) = postSolution
		{DCB4DB1A-FBA4-4A96-A99E-C64DDDAC9E76}.Debug|Any CPU.ActiveCfg = Debug|Any CPU
		{DCB4DB1A-FBA4-4A96-A99E-C64DDDAC9E76}.Debug|Any CPU.Build.0 = Debug|Any CPU
		{DCB4DB1A-FBA4-4A96-A99E-C64DDDAC9E76}.Release|Any CPU.ActiveCfg = Release|Any CPU
		{DCB4DB1A-FBA4-4A96-A99E-C64DDDAC9E76}.Release|Any CPU.Build.0 = Release|Any CPU
	EndGlobalSection
	GlobalSection(SolutionProperties) = preSolution
		HideSolutionNode = FALSE
	EndGlobalSection
	GlobalSection(ExtensibilityGlobals) = postSolution
		SolutionGuid = {610DBDFB-341A-44D7-973E-E5B63E295497}
	EndGlobalSection
EndGlobal
